
Microsoft Visual Studio Solution File, Format Version 12.00
# Visual Studio 15
VisualStudioVersion = 15.0.26730.10
MinimumVisualStudioVersion = 10.0.40219.1
Project("{FAE04EC0-301F-11D3-BF4B-00C04F79EFBC}") = "DigiwayModel", "DigiwayDB\DigiwayModel.csproj", "{129FEFD3-0B57-4900-B14A-64A86651ECFA}"
EndProject
Project("{9A19103F-16F7-4668-BE54-9A1E7A4F7556}") = "DigiwayTest", "DigiwayTest\DigiwayTest.csproj", "{3B12235D-220C-4214-8D69-11DCD9734F0D}"
EndProject
Project("{9A19103F-16F7-4668-BE54-9A1E7A4F7556}") = "DigiwayWebapi", "DigiwayWebapi\DigiwayWebapi.csproj", "{29B2F37A-88FE-445B-A6ED-FE11C75EC0EB}"
EndProject
Global
	GlobalSection(SolutionConfigurationPlatforms) = preSolution
		Debug|Any CPU = Debug|Any CPU
		Release|Any CPU = Release|Any CPU
	EndGlobalSection
	GlobalSection(ProjectConfigurationPlatforms) = postSolution
		{129FEFD3-0B57-4900-B14A-64A86651ECFA}.Debug|Any CPU.ActiveCfg = Debug|Any CPU
		{129FEFD3-0B57-4900-B14A-64A86651ECFA}.Debug|Any CPU.Build.0 = Debug|Any CPU
		{129FEFD3-0B57-4900-B14A-64A86651ECFA}.Release|Any CPU.ActiveCfg = Release|Any CPU
		{129FEFD3-0B57-4900-B14A-64A86651ECFA}.Release|Any CPU.Build.0 = Release|Any CPU
		{3B12235D-220C-4214-8D69-11DCD9734F0D}.Debug|Any CPU.ActiveCfg = Debug|Any CPU
		{3B12235D-220C-4214-8D69-11DCD9734F0D}.Debug|Any CPU.Build.0 = Debug|Any CPU
		{3B12235D-220C-4214-8D69-11DCD9734F0D}.Release|Any CPU.ActiveCfg = Release|Any CPU
		{3B12235D-220C-4214-8D69-11DCD9734F0D}.Release|Any CPU.Build.0 = Release|Any CPU
		{29B2F37A-88FE-445B-A6ED-FE11C75EC0EB}.Debug|Any CPU.ActiveCfg = Debug|Any CPU
		{29B2F37A-88FE-445B-A6ED-FE11C75EC0EB}.Debug|Any CPU.Build.0 = Debug|Any CPU
		{29B2F37A-88FE-445B-A6ED-FE11C75EC0EB}.Release|Any CPU.ActiveCfg = Release|Any CPU
		{29B2F37A-88FE-445B-A6ED-FE11C75EC0EB}.Release|Any CPU.Build.0 = Release|Any CPU
	EndGlobalSection
	GlobalSection(SolutionProperties) = preSolution
		HideSolutionNode = FALSE
	EndGlobalSection
	GlobalSection(ExtensibilityGlobals) = postSolution
		SolutionGuid = {132172C2-7FC9-44C6-B06F-A0BAB6C9993B}
	EndGlobalSection
EndGlobal
